# This is a Gradle generated file for dependency locking.
# Manual edits can break the build and are not advised.
# This file is expected to be part of source control.
com.github.ben-manes.caffeine:caffeine:3.2.2=annotationProcessor,testAnnotationProcessor
com.github.kevinstern:software-and-algorithms:1.0=annotationProcessor,testAnnotationProcessor
com.github.oowekyala.ooxml:nice-xml-messages:3.1=pmd
com.github.spotbugs:spotbugs-annotations:4.8.3=compileClasspath,mainPmdAuxClasspath
com.google.auto.service:auto-service-annotations:1.0.1=annotationProcessor,testAnnotationProcessor
com.google.auto.value:auto-value-annotations:1.9=annotationProcessor,testAnnotationProcessor
com.google.auto:auto-common:1.2.2=annotationProcessor,testAnnotationProcessor
com.google.code.findbugs:jsr305:3.0.2=annotationProcessor,compileClasspath,mainPmdAuxClasspath,testAnnotationProcessor
com.google.code.gson:gson:2.13.1=pmd
com.google.errorprone:error_prone_annotation:2.42.0=annotationProcessor,testAnnotationProcessor
com.google.errorprone:error_prone_annotations:2.42.0=annotationProcessor,pmd,testAnnotationProcessor
com.google.errorprone:error_prone_check_api:2.42.0=annotationProcessor,testAnnotationProcessor
com.google.errorprone:error_prone_core:2.42.0=annotationProcessor,testAnnotationProcessor
com.google.errorprone:javac:9+181-r4173-1=errorproneJavac
com.google.googlejavaformat:google-java-format:1.28.0=annotationProcessor,testAnnotationProcessor
com.google.guava:failureaccess:1.0.2=annotationProcessor,testAnnotationProcessor
com.google.guava:guava:33.4.0-jre=annotationProcessor,testAnnotationProcessor
com.google.guava:listenablefuture:9999.0-empty-to-avoid-conflict-with-guava=annotationProcessor,testAnnotationProcessor
com.google.j2objc:j2objc-annotations:3.0.0=annotationProcessor,testAnnotationProcessor
com.google.protobuf:protobuf-java:3.25.5=annotationProcessor,testAnnotationProcessor
com.tngtech.archunit:archunit-junit5-api:1.4.1=testCompileClasspath,testPmdAuxClasspath
com.tngtech.archunit:archunit-junit5-engine-api:1.4.1=testPmdAuxClasspath
com.tngtech.archunit:archunit-junit5-engine:1.4.1=testPmdAuxClasspath
com.tngtech.archunit:archunit-junit5:1.4.1=testCompileClasspath,testPmdAuxClasspath
com.tngtech.archunit:archunit:1.4.1=testCompileClasspath,testPmdAuxClasspath
commons-codec:commons-codec:1.19.0=pmd
io.github.eisop:dataflow-errorprone:3.41.0-eisop1=annotationProcessor,testAnnotationProcessor
io.github.java-diff-utils:java-diff-utils:4.12=annotationProcessor,testAnnotationProcessor
javax.inject:javax.inject:1=annotationProcessor,testAnnotationProcessor
net.bytebuddy:byte-buddy-agent:1.17.7=testCompileClasspath,testPmdAuxClasspath
net.bytebuddy:byte-buddy:1.17.7=testCompileClasspath,testPmdAuxClasspath
net.sf.saxon:Saxon-HE:12.5=pmd
net.sourceforge.pmd:pmd-ant:7.17.0=pmd
net.sourceforge.pmd:pmd-core:7.17.0=pmd
net.sourceforge.pmd:pmd-java:7.17.0=pmd
org.antlr:antlr4-runtime:4.9.3=pmd
org.apache.commons:commons-lang3:3.19.0=pmd
org.apache.httpcomponents.client5:httpclient5:5.1.3=pmd
org.apache.httpcomponents.core5:httpcore5-h2:5.1.3=pmd
org.apache.httpcomponents.core5:httpcore5:5.1.3=pmd
org.apiguardian:apiguardian-api:1.1.2=testCompileClasspath
org.checkerframework:checker-qual:3.43.0=annotationProcessor,pmd,testAnnotationProcessor
org.jspecify:jspecify:1.0.0=annotationProcessor,testAnnotationProcessor
org.junit.jupiter:junit-jupiter-api:5.13.4=testCompileClasspath,testPmdAuxClasspath
org.junit.jupiter:junit-jupiter-engine:5.13.4=testPmdAuxClasspath
org.junit.jupiter:junit-jupiter-params:5.13.4=testCompileClasspath,testPmdAuxClasspath
org.junit.jupiter:junit-jupiter:5.13.4=testCompileClasspath,testPmdAuxClasspath
org.junit.platform:junit-platform-commons:1.13.4=testCompileClasspath,testPmdAuxClasspath
org.junit.platform:junit-platform-engine:1.13.4=testPmdAuxClasspath
org.junit:junit-bom:5.13.4=testCompileClasspath,testPmdAuxClasspath
org.mockito:mockito-core:5.11.0=testCompileClasspath,testPmdAuxClasspath
org.objenesis:objenesis:3.3=testPmdAuxClasspath
org.opentest4j:opentest4j:1.3.0=testCompileClasspath,testPmdAuxClasspath
org.ow2.asm:asm:9.8=pmd
org.pcollections:pcollections:4.0.1=annotationProcessor,testAnnotationProcessor
org.pcollections:pcollections:4.0.2=pmd
org.slf4j:jul-to-slf4j:1.7.36=pmd
org.slf4j:slf4j-api:2.0.13=testCompileClasspath,testPmdAuxClasspath
org.xmlresolver:xmlresolver:5.2.2=pmd
empty=
